Microsoft Visual Studio Solution File, Format Version 11.00
# Visual Studio 2008

Project("{6ABBD001-4498-8AD1-BE22-86699FE20528}") = "MiniJam 1.0", "Assembly-CSharp-firstpass.csproj", "{3EEA8104-E098-F52E-3098-17B901194439}"
EndProject
Project("{6ABBD001-4498-8AD1-BE22-86699FE20528}") = "MiniJam 1.0", "Assembly-CSharp.csproj", "{51FBD4D0-58C0-093F-3206-AD364813C895}"
EndProject
Project("{6ABBD001-4498-8AD1-BE22-86699FE20528}") = "MiniJam 1.0", "Assembly-UnityScript-firstpass.unityproj", "{E28BAAB0-B11A-E9E3-AD3E-C2479FAC91E8}"
EndProject
Global
	GlobalSection(SolutionConfigurationPlatforms) = preSolution
		Debug|Any CPU = Debug|Any CPU
		Release|Any CPU = Release|Any CPU
	EndGlobalSection
	GlobalSection(ProjectConfigurationPlatforms) = postSolution
		{3EEA8104-E098-F52E-3098-17B901194439}.Debug|Any CPU.ActiveCfg = Debug|Any CPU
		{3EEA8104-E098-F52E-3098-17B901194439}.Debug|Any CPU.Build.0 = Debug|Any CPU
		{3EEA8104-E098-F52E-3098-17B901194439}.Release|Any CPU.ActiveCfg = Release|Any CPU
		{3EEA8104-E098-F52E-3098-17B901194439}.Release|Any CPU.Build.0 = Release|Any CPU
		{51FBD4D0-58C0-093F-3206-AD364813C895}.Debug|Any CPU.ActiveCfg = Debug|Any CPU
		{51FBD4D0-58C0-093F-3206-AD364813C895}.Debug|Any CPU.Build.0 = Debug|Any CPU
		{51FBD4D0-58C0-093F-3206-AD364813C895}.Release|Any CPU.ActiveCfg = Release|Any CPU
		{51FBD4D0-58C0-093F-3206-AD364813C895}.Release|Any CPU.Build.0 = Release|Any CPU
		{E28BAAB0-B11A-E9E3-AD3E-C2479FAC91E8}.Debug|Any CPU.ActiveCfg = Debug|Any CPU
		{E28BAAB0-B11A-E9E3-AD3E-C2479FAC91E8}.Debug|Any CPU.Build.0 = Debug|Any CPU
		{E28BAAB0-B11A-E9E3-AD3E-C2479FAC91E8}.Release|Any CPU.ActiveCfg = Release|Any CPU
		{E28BAAB0-B11A-E9E3-AD3E-C2479FAC91E8}.Release|Any CPU.Build.0 = Release|Any CPU
	EndGlobalSection
	GlobalSection(SolutionProperties) = preSolution
		HideSolutionNode = FALSE
	EndGlobalSection
		GlobalSection(MonoDevelopProperties) = preSolution
		StartupItem = Assembly-CSharp.csproj
		Policies = $0
		$0.TextStylePolicy = $1
		$1.inheritsSet = null
		$1.scope = text/x-csharp
		$0.CSharpFormattingPolicy = $2
		$2.inheritsSet = Mono
		$2.inheritsScope = text/x-csharp
		$2.scope = text/x-csharp
		$0.TextStylePolicy = $3
		$3.FileWidth = 120
		$3.TabWidth = 4
		$3.EolMarker = Unix
		$3.inheritsSet = Mono
		$3.inheritsScope = text/plain
		$3.scope = text/plain
	EndGlobalSection

EndGlobal
