Microsoft Visual Studio Solution File, Format Version 11.00
# Visual Studio 2008

Project("{871F3236-EB5C-B037-89EA-0F7BABB3E364}") = "MiniJam a1.0", "Assembly-CSharp-firstpass.csproj", "{540FD796-CEC0-AC8D-9378-87A75E5A053C}"
EndProject
Project("{871F3236-EB5C-B037-89EA-0F7BABB3E364}") = "MiniJam a1.0", "Assembly-CSharp.csproj", "{BDB2A9E2-BDFD-0FA5-12B1-3B83DAC4A158}"
EndProject
Project("{871F3236-EB5C-B037-89EA-0F7BABB3E364}") = "MiniJam a1.0", "Assembly-UnityScript-firstpass.unityproj", "{40E36A62-48FE-56A1-5C87-3F48677B36AD}"
EndProject
Global
	GlobalSection(SolutionConfigurationPlatforms) = preSolution
		Debug|Any CPU = Debug|Any CPU
		Release|Any CPU = Release|Any CPU
	EndGlobalSection
	GlobalSection(ProjectConfigurationPlatforms) = postSolution
		{540FD796-CEC0-AC8D-9378-87A75E5A053C}.Debug|Any CPU.ActiveCfg = Debug|Any CPU
		{540FD796-CEC0-AC8D-9378-87A75E5A053C}.Debug|Any CPU.Build.0 = Debug|Any CPU
		{540FD796-CEC0-AC8D-9378-87A75E5A053C}.Release|Any CPU.ActiveCfg = Release|Any CPU
		{540FD796-CEC0-AC8D-9378-87A75E5A053C}.Release|Any CPU.Build.0 = Release|Any CPU
		{BDB2A9E2-BDFD-0FA5-12B1-3B83DAC4A158}.Debug|Any CPU.ActiveCfg = Debug|Any CPU
		{BDB2A9E2-BDFD-0FA5-12B1-3B83DAC4A158}.Debug|Any CPU.Build.0 = Debug|Any CPU
		{BDB2A9E2-BDFD-0FA5-12B1-3B83DAC4A158}.Release|Any CPU.ActiveCfg = Release|Any CPU
		{BDB2A9E2-BDFD-0FA5-12B1-3B83DAC4A158}.Release|Any CPU.Build.0 = Release|Any CPU
		{40E36A62-48FE-56A1-5C87-3F48677B36AD}.Debug|Any CPU.ActiveCfg = Debug|Any CPU
		{40E36A62-48FE-56A1-5C87-3F48677B36AD}.Debug|Any CPU.Build.0 = Debug|Any CPU
		{40E36A62-48FE-56A1-5C87-3F48677B36AD}.Release|Any CPU.ActiveCfg = Release|Any CPU
		{40E36A62-48FE-56A1-5C87-3F48677B36AD}.Release|Any CPU.Build.0 = Release|Any CPU
	EndGlobalSection
	GlobalSection(SolutionProperties) = preSolution
		HideSolutionNode = FALSE
	EndGlobalSection
									GlobalSection(MonoDevelopProperties) = preSolution
		StartupItem = Assembly-CSharp.csproj
		Policies = $0
		$0.TextStylePolicy = $1
		$1.inheritsSet = null
		$1.scope = text/x-csharp
		$0.CSharpFormattingPolicy = $2
		$2.inheritsSet = Mono
		$2.inheritsScope = text/x-csharp
		$2.scope = text/x-csharp
		$0.TextStylePolicy = $3
		$3.FileWidth = 120
		$3.TabWidth = 4
		$3.EolMarker = Unix
		$3.inheritsSet = Mono
		$3.inheritsScope = text/plain
		$3.scope = text/plain
	EndGlobalSection

EndGlobal
